
Microsoft Visual Studio Solution File, Format Version 12.00
# Visual Studio Version 17
VisualStudioVersion = 17.14.37012.4 d17.14
MinimumVisualStudioVersion = 10.0.40219.1
Project("{FAE04EC0-301F-11D3-BF4B-00C04F79EFBC}") = "blackjackOOP", "blackjackOOP.csproj", "{E1696549-955B-4B2A-AAD1-255CB0939917}"
EndProject
Global
	GlobalSection(SolutionConfigurationPlatforms) = preSolution
		Debug|Any CPU = Debug|Any CPU
		Release|Any CPU = Release|Any CPU
	EndGlobalSection
	GlobalSection(ProjectConfigurationPlatforms) = postSolution
		{E1696549-955B-4B2A-AAD1-255CB0939917}.Debug|Any CPU.ActiveCfg = Debug|Any CPU
		{E1696549-955B-4B2A-AAD1-255CB0939917}.Debug|Any CPU.Build.0 = Debug|Any CPU
		{E1696549-955B-4B2A-AAD1-255CB0939917}.Release|Any CPU.ActiveCfg = Release|Any CPU
		{E1696549-955B-4B2A-AAD1-255CB0939917}.Release|Any CPU.Build.0 = Release|Any CPU
	EndGlobalSection
	GlobalSection(SolutionProperties) = preSolution
		HideSolutionNode = FALSE
	EndGlobalSection
	GlobalSection(ExtensibilityGlobals) = postSolution
		SolutionGuid = {B99A067A-82DA-47B9-9596-9C40BC76920A}
	EndGlobalSection
EndGlobal
